
Microsoft Visual Studio Solution File, Format Version 12.00
# Visual Studio 15
VisualStudioVersion = 15.0.27703.2035
MinimumVisualStudioVersion = 10.0.40219.1
Project("{FAE04EC0-301F-11D3-BF4B-00C04F79EFBC}") = "記帳 1", "記帳\記帳 1.csproj", "{55F3EBEB-ECA2-48BB-A6BE-F5658C2729ED}"
EndProject
Global
	GlobalSection(SolutionConfigurationPlatforms) = preSolution
		Debug|Any CPU = Debug|Any CPU
		Release|Any CPU = Release|Any CPU
	EndGlobalSection
	GlobalSection(ProjectConfigurationPlatforms) = postSolution
		{55F3EBEB-ECA2-48BB-A6BE-F5658C2729ED}.Debug|Any CPU.ActiveCfg = Debug|Any CPU
		{55F3EBEB-ECA2-48BB-A6BE-F5658C2729ED}.Debug|Any CPU.Build.0 = Debug|Any CPU
		{55F3EBEB-ECA2-48BB-A6BE-F5658C2729ED}.Release|Any CPU.ActiveCfg = Release|Any CPU
		{55F3EBEB-ECA2-48BB-A6BE-F5658C2729ED}.Release|Any CPU.Build.0 = Release|Any CPU
	EndGlobalSection
	GlobalSection(SolutionProperties) = preSolution
		HideSolutionNode = FALSE
	EndGlobalSection
	GlobalSection(ExtensibilityGlobals) = postSolution
		SolutionGuid = {4BE88184-C01E-4171-8C6C-632BB065CF1C}
	EndGlobalSection
EndGlobal
